
Microsoft Visual Studio Solution File, Format Version 12.00
# Visual Studio Version 17
VisualStudioVersion = 17.11.35327.3
MinimumVisualStudioVersion = 10.0.40219.1
Project("{FAE04EC0-301F-11D3-BF4B-00C04F79EFBC}") = "GameDevelopmentProject", "GameDevelopmentProject.csproj", "{AA2561A8-9528-4FCA-8CCA-2BD41BE096DB}"
EndProject
Global
	GlobalSection(SolutionConfigurationPlatforms) = preSolution
		Debug|Any CPU = Debug|Any CPU
		Release|Any CPU = Release|Any CPU
	EndGlobalSection
	GlobalSection(ProjectConfigurationPlatforms) = postSolution
		{AA2561A8-9528-4FCA-8CCA-2BD41BE096DB}.Debug|Any CPU.ActiveCfg = Debug|Any CPU
		{AA2561A8-9528-4FCA-8CCA-2BD41BE096DB}.Debug|Any CPU.Build.0 = Debug|Any CPU
		{AA2561A8-9528-4FCA-8CCA-2BD41BE096DB}.Release|Any CPU.ActiveCfg = Release|Any CPU
		{AA2561A8-9528-4FCA-8CCA-2BD41BE096DB}.Release|Any CPU.Build.0 = Release|Any CPU
	EndGlobalSection
	GlobalSection(SolutionProperties) = preSolution
		HideSolutionNode = FALSE
	EndGlobalSection
	GlobalSection(ExtensibilityGlobals) = postSolution
		SolutionGuid = {AEB60687-A1A2-42E6-8C42-7647B990624A}
	EndGlobalSection
EndGlobal
